
Microsoft Visual Studio Solution File, Format Version 12.00
# Visual Studio Version 17
VisualStudioVersion = 17.9.34723.18
MinimumVisualStudioVersion = 10.0.40219.1
Project("{FAE04EC0-301F-11D3-BF4B-00C04F79EFBC}") = "CMPG223_Project", "CMPG223_Project.csproj", "{FD405361-F5AD-4DF1-96DF-1D5E5951F9BB}"
EndProject
Global
	GlobalSection(SolutionConfigurationPlatforms) = preSolution
		Debug|Any CPU = Debug|Any CPU
		Release|Any CPU = Release|Any CPU
	EndGlobalSection
	GlobalSection(ProjectConfigurationPlatforms) = postSolution
		{FD405361-F5AD-4DF1-96DF-1D5E5951F9BB}.Debug|Any CPU.ActiveCfg = Debug|Any CPU
		{FD405361-F5AD-4DF1-96DF-1D5E5951F9BB}.Debug|Any CPU.Build.0 = Debug|Any CPU
		{FD405361-F5AD-4DF1-96DF-1D5E5951F9BB}.Release|Any CPU.ActiveCfg = Release|Any CPU
		{FD405361-F5AD-4DF1-96DF-1D5E5951F9BB}.Release|Any CPU.Build.0 = Release|Any CPU
	EndGlobalSection
	GlobalSection(SolutionProperties) = preSolution
		HideSolutionNode = FALSE
	EndGlobalSection
	GlobalSection(ExtensibilityGlobals) = postSolution
		SolutionGuid = {50D7E7AC-6D3B-481F-B277-B53BD330F949}
	EndGlobalSection
EndGlobal
